
Microsoft Visual Studio Solution File, Format Version 12.00
# Visual Studio Version 16
VisualStudioVersion = 16.0.29102.190
MinimumVisualStudioVersion = 10.0.40219.1
Project("{FAE04EC0-301F-11D3-BF4B-00C04F79EFBC}") = "MCCCEADeflate", "MCCCEADeflate\MCCCEADeflate.csproj", "{9E0FAB63-A14F-467A-868D-424AA4850F15}"
EndProject
Global
	GlobalSection(SolutionConfigurationPlatforms) = preSolution
		Debug|Any CPU = Debug|Any CPU
		Release|Any CPU = Release|Any CPU
	EndGlobalSection
	GlobalSection(ProjectConfigurationPlatforms) = postSolution
		{9E0FAB63-A14F-467A-868D-424AA4850F15}.Debug|Any CPU.ActiveCfg = Debug|Any CPU
		{9E0FAB63-A14F-467A-868D-424AA4850F15}.Debug|Any CPU.Build.0 = Debug|Any CPU
		{9E0FAB63-A14F-467A-868D-424AA4850F15}.Release|Any CPU.ActiveCfg = Release|Any CPU
		{9E0FAB63-A14F-467A-868D-424AA4850F15}.Release|Any CPU.Build.0 = Release|Any CPU
	EndGlobalSection
	GlobalSection(SolutionProperties) = preSolution
		HideSolutionNode = FALSE
	EndGlobalSection
	GlobalSection(ExtensibilityGlobals) = postSolution
		SolutionGuid = {0054F23B-01F8-484A-A520-508737FF5BA1}
	EndGlobalSection
EndGlobal
